
Microsoft Visual Studio Solution File, Format Version 12.00
# Visual Studio Version 17
VisualStudioVersion = 17.10.35122.118
MinimumVisualStudioVersion = 10.0.40219.1
Project("{FAE04EC0-301F-11D3-BF4B-00C04F79EFBC}") = "dbreplacestr", "dbreplacestr\dbreplacestr.csproj", "{D115CD3F-39D9-4779-A9AD-8B11DB4313F2}"
EndProject
Global
	GlobalSection(SolutionConfigurationPlatforms) = preSolution
		Debug|Any CPU = Debug|Any CPU
		Release|Any CPU = Release|Any CPU
	EndGlobalSection
	GlobalSection(ProjectConfigurationPlatforms) = postSolution
		{D115CD3F-39D9-4779-A9AD-8B11DB4313F2}.Debug|Any CPU.ActiveCfg = Debug|Any CPU
		{D115CD3F-39D9-4779-A9AD-8B11DB4313F2}.Debug|Any CPU.Build.0 = Debug|Any CPU
		{D115CD3F-39D9-4779-A9AD-8B11DB4313F2}.Release|Any CPU.ActiveCfg = Release|Any CPU
		{D115CD3F-39D9-4779-A9AD-8B11DB4313F2}.Release|Any CPU.Build.0 = Release|Any CPU
	EndGlobalSection
	GlobalSection(SolutionProperties) = preSolution
		HideSolutionNode = FALSE
	EndGlobalSection
	GlobalSection(ExtensibilityGlobals) = postSolution
		SolutionGuid = {2545C9F0-34AA-4476-86D4-475C4B159EC4}
	EndGlobalSection
EndGlobal
